<?xml version="1.0" encoding="utf-8"?>
<Project ToolsVersion="4.0" xmlns="http://schemas.microsoft.com/developer/msbuild/2003">
  <ItemGroup>
    <ClCompile Include="Astar.cpp" />
    <ClCompile Include="CBox.cpp" />
    <ClCompile Include="database\db.cpp" />
    <ClCompile Include="game_server\ingame_server.cpp" />
    <ClCompile Include="game_server\packet_manager.cpp" />
    <ClCompile Include="iocp_server\iocp_server.cpp" />
    <ClCompile Include="main.cpp" />
    <ClCompile Include="map_object.cpp" />
    <ClCompile Include="object\MapManager.cpp" />
    <ClCompile Include="object\moveobj_manager.cpp" />
    <ClCompile Include="object\move_object\enemy.cpp" />
    <ClCompile Include="object\move_object\player.cpp" />
    <ClCompile Include="pch.cpp" />
    <ClCompile Include="Lobby.cpp" />
    <ClCompile Include="room\room.cpp" />
    <ClCompile Include="room\room_manager.cpp" />
    <ClCompile Include="Timer.cpp" />
    <ClCompile Include="EVENT.cpp" />
  </ItemGroup>
  <ItemGroup>
    <ClInclude Include="Astar.h" />
    <ClInclude Include="CAstar.h" />
    <ClInclude Include="CBox.h" />
    <ClInclude Include="CNode.h" />
    <ClInclude Include="database\db.h" />
    <ClInclude Include="define.h" />
    <ClInclude Include="game_server\ingame_server.h" />
    <ClInclude Include="game_server\packet_manager.h" />
    <ClInclude Include="iocp_server\iocp_server.h" />
    <ClInclude Include="map_object.h" />
    <ClInclude Include="object\MapManager.h" />
    <ClInclude Include="object\moveobj_manager.h" />
    <ClInclude Include="object\move_object\enemy.h" />
    <ClInclude Include="object\move_object\move_object.h" />
    <ClInclude Include="object\move_object\player.h" />
    <ClInclude Include="object\object.h" />
    <ClInclude Include="pch.h" />
    <ClInclude Include="Lobby.h" />
    <ClInclude Include="room\room.h" />
    <ClInclude Include="room\room_manager.h" />
    <ClInclude Include="state.h" />
    <ClInclude Include="header.h" />
    <ClInclude Include="protocol.h" />
    <ClInclude Include="Timer.h" />
    <ClInclude Include="EVENT.h" />
  </ItemGroup>
</Project>