<?xml version="1.0" encoding="utf-8"?>
<Project ToolsVersion="4.0" xmlns="http://schemas.microsoft.com/developer/msbuild/2003">
  <ItemGroup>
    <ClCompile Include="CBox.cpp" />
    <ClCompile Include="CBox.cpp" />
    <ClCompile Include="main.cpp" />
    <ClCompile Include="ray\ray_casting.cpp">
      <Filter>ray</Filter>
    </ClCompile>
    <ClCompile Include="Recast\Source\Recast.cpp">
      <Filter>recast\source</Filter>
    </ClCompile>
    <ClCompile Include="Recast\Source\RecastAlloc.cpp">
      <Filter>recast\source</Filter>
    </ClCompile>
    <ClCompile Include="Recast\Source\RecastArea.cpp">
      <Filter>recast\source</Filter>
    </ClCompile>
    <ClCompile Include="Recast\Source\RecastAssert.cpp">
      <Filter>recast\source</Filter>
    </ClCompile>
    <ClCompile Include="Recast\Source\RecastContour.cpp">
      <Filter>recast\source</Filter>
    </ClCompile>
    <ClCompile Include="Recast\Source\RecastFilter.cpp">
      <Filter>recast\source</Filter>
    </ClCompile>
    <ClCompile Include="Recast\Source\RecastLayers.cpp">
      <Filter>recast\source</Filter>
    </ClCompile>
    <ClCompile Include="Recast\Source\RecastMesh.cpp">
      <Filter>recast\source</Filter>
    </ClCompile>
    <ClCompile Include="Recast\Source\RecastMeshDetail.cpp">
      <Filter>recast\source</Filter>
    </ClCompile>
    <ClCompile Include="Recast\Source\RecastRasterization.cpp">
      <Filter>recast\source</Filter>
    </ClCompile>
    <ClCompile Include="Recast\Source\RecastRegion.cpp">
      <Filter>recast\source</Filter>
    </ClCompile>
    <ClCompile Include="Detour\Source\DetourAlloc.cpp">
      <Filter>detuor\source</Filter>
    </ClCompile>
    <ClCompile Include="Detour\Source\DetourAssert.cpp">
      <Filter>detuor\source</Filter>
    </ClCompile>
    <ClCompile Include="Detour\Source\DetourCommon.cpp">
      <Filter>detuor\source</Filter>
    </ClCompile>
    <ClCompile Include="Detour\Source\DetourNavMesh.cpp">
      <Filter>detuor\source</Filter>
    </ClCompile>
    <ClCompile Include="Detour\Source\DetourNavMeshBuilder.cpp">
      <Filter>detuor\source</Filter>
    </ClCompile>
    <ClCompile Include="Detour\Source\DetourNavMeshQuery.cpp">
      <Filter>detuor\source</Filter>
    </ClCompile>
    <ClCompile Include="Detour\Source\DetourNode.cpp">
      <Filter>detuor\source</Filter>
    </ClCompile>
    <ClCompile Include="object\move_object\enemy.cpp">
      <Filter>NPC</Filter>
    </ClCompile>
    <ClCompile Include="Astar.cpp">
      <Filter>astar</Filter>
    </ClCompile>
    <ClCompile Include="game_server\packet_manager.cpp">
      <Filter>packet_manager</Filter>
    </ClCompile>
    <ClCompile Include="collision_checker.cpp" />
    <ClCompile Include="recast_astar.cpp">
      <Filter>astar</Filter>
    </ClCompile>
    <ClCompile Include="game_server\packet_manager.cpp">
      <Filter>packet_manager</Filter>
    </ClCompile>
    <ClCompile Include="Astar.cpp" />
    <ClCompile Include="map_object.cpp">
      <Filter>object</Filter>
    </ClCompile>
    <ClCompile Include="object\moveobj_manager.cpp">
      <Filter>object</Filter>
    </ClCompile>
    <ClCompile Include="iocp_server\iocp_server.cpp">
      <Filter>server</Filter>
    </ClCompile>
    <ClCompile Include="EVENT.cpp">
      <Filter>timer</Filter>
    </ClCompile>
    <ClCompile Include="Timer.cpp">
      <Filter>timer</Filter>
    </ClCompile>
    <ClCompile Include="database\db.cpp">
      <Filter>database</Filter>
    </ClCompile>
    <ClCompile Include="object\move_object\enemy.cpp">
      <Filter>NPC</Filter>
    </ClCompile>
    <ClCompile Include="object\move_object\player.cpp">
      <Filter>player</Filter>
    </ClCompile>
    <ClCompile Include="room\room.cpp">
      <Filter>room</Filter>
    </ClCompile>
    <ClCompile Include="room\room_manager.cpp">
      <Filter>room</Filter>
    </ClCompile>
    <ClCompile Include="Lobby.cpp">
      <Filter>lobby</Filter>
    </ClCompile>
    <ClCompile Include="Item.cpp">
      <Filter>item</Filter>
    </ClCompile>
    <ClCompile Include="object\MapManager.cpp">
      <Filter>map</Filter>
    </ClCompile>
    <ClCompile Include="database\db.cpp">
      <Filter>database</Filter>
    </ClCompile>
    <ClCompile Include="game_server\ingame_server.cpp">
      <Filter>server</Filter>
    </ClCompile>
    <ClCompile Include="pch.cpp">
      <Filter>header</Filter>
    </ClCompile>
    <ClCompile Include="game_server\ingame_server.cpp" />
    <ClCompile Include="NavMeshLoader.cpp">
      <Filter>astar</Filter>
    </ClCompile>
    <ClCompile Include="PathFinder.cpp">
      <Filter>astar</Filter>
    </ClCompile>
  </ItemGroup>
  <ItemGroup>
    <ClInclude Include="CBox.h" />
    <ClInclude Include="game_server\packet_manager.h">
      <Filter>packet_manager</Filter>
    </ClInclude>
    <ClInclude Include="Astar.h" />
    <ClInclude Include="map_object.h">
      <Filter>object</Filter>
    </ClInclude>
    <ClInclude Include="object\move_object\move_object.h">
      <Filter>object</Filter>
    </ClInclude>
    <ClInclude Include="object\moveobj_manager.h">
      <Filter>object</Filter>
    </ClInclude>
    <ClInclude Include="object\object.h">
      <Filter>object</Filter>
    </ClInclude>
    <ClInclude Include="game_server\ingame_server.h">
      <Filter>server</Filter>
    </ClInclude>
    <ClInclude Include="iocp_server\iocp_server.h">
      <Filter>server</Filter>
    </ClInclude>
    <ClInclude Include="EVENT.h">
      <Filter>timer</Filter>
    </ClInclude>
    <ClInclude Include="Timer.h">
      <Filter>timer</Filter>
    </ClInclude>
    <ClInclude Include="database\db.h">
      <Filter>database</Filter>
    </ClInclude>
    <ClInclude Include="object\move_object\enemy.h">
      <Filter>NPC</Filter>
    </ClInclude>
    <ClInclude Include="object\move_object\player.h">
      <Filter>player</Filter>
    </ClInclude>
    <ClInclude Include="room\room.h">
      <Filter>room</Filter>
    </ClInclude>
    <ClInclude Include="room\room_manager.h">
      <Filter>room</Filter>
    </ClInclude>
    <ClInclude Include="Lobby.h">
      <Filter>lobby</Filter>
    </ClInclude>
    <ClInclude Include="state.h">
      <Filter>header</Filter>
    </ClInclude>
    <ClInclude Include="define.h">
      <Filter>header</Filter>
    </ClInclude>
    <ClInclude Include="Item.h">
      <Filter>item</Filter>
    </ClInclude>
    <ClInclude Include="object\MapManager.h">
      <Filter>map</Filter>
    </ClInclude>
    <ClInclude Include="pch.h">
      <Filter>header</Filter>
    </ClInclude>
    <ClInclude Include="vec\vec2.h">
      <Filter>vec</Filter>
    </ClInclude>
    <ClInclude Include="vec\vec3.h">
      <Filter>vec</Filter>
    </ClInclude>
    <ClInclude Include="vec\vec4.h">
      <Filter>vec</Filter>
    </ClInclude>
    <ClInclude Include="NavMeshLoader.h">
      <Filter>astar</Filter>
    </ClInclude>
    <ClInclude Include="PathFinder.h">
      <Filter>astar</Filter>
    </ClInclude>
  </ItemGroup>
  <ItemGroup>
    <ClInclude Include="CBox.h" />
    <ClInclude Include="database\db.h" />
    <ClInclude Include="game_server\ingame_server.h" />
    <ClInclude Include="ray\ray_casting.h">
      <Filter>ray</Filter>
    </ClInclude>
    <ClInclude Include="define.h">
      <Filter>header</Filter>
    </ClInclude>
    <ClInclude Include="header.h">
      <Filter>header</Filter>
    </ClInclude>
    <ClInclude Include="protocol.h">
      <Filter>header</Filter>
    </ClInclude>
    <ClInclude Include="Recast\Include\Recast.h">
      <Filter>recast\include</Filter>
    </ClInclude>
    <ClInclude Include="Recast\Include\RecastAlloc.h">
      <Filter>recast\include</Filter>
    </ClInclude>
    <ClInclude Include="Recast\Include\RecastAssert.h">
      <Filter>recast\include</Filter>
    </ClInclude>
    <ClInclude Include="Detour\Include\DetourAlloc.h">
      <Filter>detuor\include</Filter>
    </ClInclude>
    <ClInclude Include="Detour\Include\DetourAssert.h">
      <Filter>detuor\include</Filter>
    </ClInclude>
    <ClInclude Include="Detour\Include\DetourCommon.h">
      <Filter>detuor\include</Filter>
    </ClInclude>
    <ClInclude Include="Detour\Include\DetourMath.h">
      <Filter>detuor\include</Filter>
    </ClInclude>
    <ClInclude Include="Detour\Include\DetourNavMesh.h">
      <Filter>detuor\include</Filter>
    </ClInclude>
    <ClInclude Include="Detour\Include\DetourNavMeshBuilder.h">
      <Filter>detuor\include</Filter>
    </ClInclude>
    <ClInclude Include="Detour\Include\DetourNavMeshQuery.h">
      <Filter>detuor\include</Filter>
    </ClInclude>
    <ClInclude Include="Detour\Include\DetourNode.h">
      <Filter>detuor\include</Filter>
    </ClInclude>
    <ClInclude Include="Detour\Include\DetourStatus.h">
      <Filter>detuor\include</Filter>
    </ClInclude>
    <ClInclude Include="object\move_object\enemy.h">
      <Filter>NPC</Filter>
    </ClInclude>
    <ClInclude Include="Astar.h">
      <Filter>astar</Filter>
    </ClInclude>
    <ClInclude Include="game_server\packet_manager.h">
      <Filter>packet_manager</Filter>
    </ClInclude>
    <ClInclude Include="collision_checker.h" />
    <ClInclude Include="recast_astar.h">
      <Filter>astar</Filter>
    </ClInclude>
    <ClInclude Include="header.h" />
    <ClInclude Include="protocol.h" />
  </ItemGroup>
  <ItemGroup>
    <Filter Include="ray">
      <UniqueIdentifier>{6f76e82d-a321-4f09-b15d-41c6c53eeffa}</UniqueIdentifier>
    </Filter>
    <Filter Include="header">
      <UniqueIdentifier>{1a6fa1ad-ad55-4328-a4c8-ec007da62ffd}</UniqueIdentifier>
    </Filter>
    <Filter Include="recast">
      <UniqueIdentifier>{fe23dc0e-6de8-4ef4-be8a-d0b2a0bc776b}</UniqueIdentifier>
    </Filter>
    <Filter Include="detuor">
      <UniqueIdentifier>{995a64d3-1a5f-4dde-935b-8bb2f1609cd5}</UniqueIdentifier>
    </Filter>
    <Filter Include="detuor\source">
      <UniqueIdentifier>{9fe94061-d75f-4a56-8fae-1a66d5391b0f}</UniqueIdentifier>
    </Filter>
    <Filter Include="recast\source">
      <UniqueIdentifier>{a9c3a326-9757-4d43-a575-df852de2a7eb}</UniqueIdentifier>
    </Filter>
    <Filter Include="detuor\include">
      <UniqueIdentifier>{51807241-0df5-428d-8128-90cc602e6730}</UniqueIdentifier>
    </Filter>
    <Filter Include="recast\include">
      <UniqueIdentifier>{b0a50ee9-b903-448d-8134-af60e9a3dd3d}</UniqueIdentifier>
    </Filter>
    <Filter Include="NPC">
      <UniqueIdentifier>{e94ff246-26df-476e-a352-38134454b265}</UniqueIdentifier>
    </Filter>
    <Filter Include="astar">
      <UniqueIdentifier>{edc370c0-d3b3-4787-85b6-f3731a890de4}</UniqueIdentifier>
    </Filter>
    <Filter Include="packet_manager">
      <UniqueIdentifier>{bf0076f0-1bc3-460c-976d-e79b247972e3}</UniqueIdentifier>
    </Filter>
    <Filter Include="object">
      <UniqueIdentifier>{6772893c-e368-46f5-b094-1f4425687159}</UniqueIdentifier>
    </Filter>
    <Filter Include="timer">
      <UniqueIdentifier>{790ccb5f-2ab3-44c6-ab82-48bcc8cedf1e}</UniqueIdentifier>
    </Filter>
    <Filter Include="database">
      <UniqueIdentifier>{afa4cbed-b99f-4f28-b8b2-753c2d979e96}</UniqueIdentifier>
    </Filter>
    <Filter Include="player">
      <UniqueIdentifier>{930dcf63-a20f-4765-acd2-53dc87a03bee}</UniqueIdentifier>
    </Filter>
    <Filter Include="room">
      <UniqueIdentifier>{b4dda07d-ffd2-455d-91dd-5134b5eadbad}</UniqueIdentifier>
    </Filter>
    <Filter Include="lobby">
      <UniqueIdentifier>{c02327de-4c79-4899-8700-e8f6e7b6f89b}</UniqueIdentifier>
    </Filter>
    <Filter Include="item">
      <UniqueIdentifier>{8ffd7ea7-7cd2-450c-9c93-a17d4473f610}</UniqueIdentifier>
    </Filter>
    <Filter Include="map">
      <UniqueIdentifier>{32ca24ec-9235-4c82-ae9d-1890adbbb1d4}</UniqueIdentifier>
    </Filter>
    <Filter Include="server">
      <UniqueIdentifier>{ca78e052-fb96-48be-acaf-da162c354671}</UniqueIdentifier>
    </Filter>
    <Filter Include="vec">
      <UniqueIdentifier>{f9fe88bf-9188-49e1-86d8-0efb891040e6}</UniqueIdentifier>
    </Filter>
  </ItemGroup>
</Project>