<?xml version="1.0" encoding="utf-8"?>
<Project ToolsVersion="4.0" xmlns="http://schemas.microsoft.com/developer/msbuild/2003">
  <ItemGroup>
    <Filter Include="소스 파일">
      <UniqueIdentifier>{4FC737F1-C7A5-4376-A066-2A32D752A2FF}</UniqueIdentifier>
      <Extensions>cpp;c;cc;cxx;c++;cppm;ixx;def;odl;idl;hpj;bat;asm;asmx</Extensions>
    </Filter>
    <Filter Include="헤더 파일">
      <UniqueIdentifier>{93995380-89BD-4b04-88EB-625FBE52EBFB}</UniqueIdentifier>
      <Extensions>h;hh;hpp;hxx;h++;hm;inl;inc;ipp;xsd</Extensions>
    </Filter>
    <Filter Include="리소스 파일">
      <UniqueIdentifier>{67DA6AB6-F800-4c08-8B7A-83BB121AAD01}</UniqueIdentifier>
      <Extensions>rc;ico;cur;bmp;dlg;rc2;rct;bin;rgs;gif;jpg;jpeg;jpe;resx;tiff;tif;png;wav;mfcribbon-ms</Extensions>
    </Filter>
    <Filter Include="소스 파일\iocp_server">
      <UniqueIdentifier>{9d5895af-0027-4044-9577-7bfe03456fab}</UniqueIdentifier>
    </Filter>
    <Filter Include="소스 파일\ingame_server">
      <UniqueIdentifier>{42b7af90-58bf-448d-ac5c-ac2080bdd7a3}</UniqueIdentifier>
    </Filter>
    <Filter Include="소스 파일\lua_fucntion">
      <UniqueIdentifier>{e48cfdc6-5939-4d52-8368-c9eb08740edd}</UniqueIdentifier>
    </Filter>
    <Filter Include="소스 파일\db">
      <UniqueIdentifier>{4abb6732-5d64-4c2f-ab70-cd9e26f4bf38}</UniqueIdentifier>
    </Filter>
  </ItemGroup>
  <ItemGroup>
    <ClCompile Include="main.cpp">
      <Filter>소스 파일</Filter>
    </ClCompile>
    <ClCompile Include="iocp_server.cpp">
      <Filter>소스 파일\iocp_server</Filter>
    </ClCompile>
    <ClCompile Include="ingame_server.cpp">
      <Filter>소스 파일\ingame_server</Filter>
    </ClCompile>
    <ClCompile Include="db.cpp">
      <Filter>소스 파일\db</Filter>
    </ClCompile>
  </ItemGroup>
  <ItemGroup>
    <ClInclude Include="header.h">
      <Filter>헤더 파일</Filter>
    </ClInclude>
    <ClInclude Include="protocol.h">
      <Filter>헤더 파일</Filter>
    </ClInclude>
    <ClInclude Include="state.h">
      <Filter>헤더 파일</Filter>
    </ClInclude>
    <ClInclude Include="iocp_server.h">
      <Filter>소스 파일\iocp_server</Filter>
    </ClInclude>
    <ClInclude Include="ingame_server.h">
      <Filter>소스 파일\ingame_server</Filter>
    </ClInclude>
    <ClInclude Include="define.h">
      <Filter>헤더 파일</Filter>
    </ClInclude>
    <ClInclude Include="db.h">
      <Filter>소스 파일\db</Filter>
    </ClInclude>
  </ItemGroup>
</Project>