<?xml version="1.0" encoding="utf-8"?>
<Project ToolsVersion="4.0" xmlns="http://schemas.microsoft.com/developer/msbuild/2003">
  <ItemGroup>
    <Filter Include="소스 파일">
      <UniqueIdentifier>{4FC737F1-C7A5-4376-A066-2A32D752A2FF}</UniqueIdentifier>
      <Extensions>cpp;c;cc;cxx;c++;cppm;ixx;def;odl;idl;hpj;bat;asm;asmx</Extensions>
    </Filter>
    <Filter Include="리소스 파일">
      <UniqueIdentifier>{67DA6AB6-F800-4c08-8B7A-83BB121AAD01}</UniqueIdentifier>
      <Extensions>rc;ico;cur;bmp;dlg;rc2;rct;bin;rgs;gif;jpg;jpeg;jpe;resx;tiff;tif;png;wav;mfcribbon-ms</Extensions>
    </Filter>
    <Filter Include="소스 파일\Utils">
      <UniqueIdentifier>{ba85b981-78c0-4e00-81c6-56efb3afec53}</UniqueIdentifier>
    </Filter>
    <Filter Include="소스 파일\Game">
      <UniqueIdentifier>{c6b1ff15-4953-4a37-867b-e4f6e7b4f5dc}</UniqueIdentifier>
    </Filter>
    <Filter Include="소스 파일\Server">
      <UniqueIdentifier>{c70363b7-1386-467a-b357-4b5ee48fcc42}</UniqueIdentifier>
    </Filter>
    <Filter Include="소스 파일\Server\network">
      <UniqueIdentifier>{290e1e28-f8a8-4740-96fc-3ee7ec15cdde}</UniqueIdentifier>
    </Filter>
<<<<<<< Updated upstream
    <Filter Include="소스 파일\Server\packet_manager">
      <UniqueIdentifier>{2ef57ae5-0821-4fdf-b27d-4e2ef68c8153}</UniqueIdentifier>
    </Filter>
    <Filter Include="소스 파일\Server\send_manager">
      <UniqueIdentifier>{2e291387-04fe-4be1-9acd-f65394e1d8ca}</UniqueIdentifier>
    </Filter>
    <Filter Include="소스 파일\Server\network_obj_manager">
      <UniqueIdentifier>{aa842f23-493f-424c-b9bc-1d5032558776}</UniqueIdentifier>
    </Filter>
    <Filter Include="소스 파일\Server\massage">
      <UniqueIdentifier>{9fc3a3c4-b8d6-4ff0-bc43-d11614c897c1}</UniqueIdentifier>
    </Filter>
    <Filter Include="소스 파일\Thieves_server">
      <UniqueIdentifier>{3ca13017-7afc-46f4-81c1-f0ca0cd8b1c5}</UniqueIdentifier>
    </Filter>
    <Filter Include="소스 파일\Thieves_server\thieves_send_manager">
      <UniqueIdentifier>{ead25523-01f3-40ad-b860-915d93f1163e}</UniqueIdentifier>
    </Filter>
    <Filter Include="소스 파일\Thieves_server\thieves_packet_manager">
      <UniqueIdentifier>{5cbe4b85-83ce-4a29-a192-d427915bb995}</UniqueIdentifier>
    </Filter>
    <Filter Include="소스 파일\Thieves_server\thieves_message">
      <UniqueIdentifier>{d9e3d50f-2342-40bf-8ed9-65fa4b17cace}</UniqueIdentifier>
    </Filter>
    <Filter Include="소스 파일\Server\core">
      <UniqueIdentifier>{613a40f4-f154-4e43-b8ab-4aad271255d6}</UniqueIdentifier>
    </Filter>
    <Filter Include="소스 파일\Server\event">
      <UniqueIdentifier>{5c6be49d-aa1e-4303-b421-a1c32741c01b}</UniqueIdentifier>
    </Filter>
    <Filter Include="소스 파일\Server\event\event_core">
      <UniqueIdentifier>{c69c32ed-2b9b-4f89-8959-c7f1e14ba677}</UniqueIdentifier>
=======
    <Filter Include="소스 파일\Server\core">
      <UniqueIdentifier>{6618790a-afa9-4ccd-9212-283f70536418}</UniqueIdentifier>
    </Filter>
    <Filter Include="소스 파일\Server\event">
      <UniqueIdentifier>{a44c95c0-5d91-42ba-873c-c10e6603500f}</UniqueIdentifier>
    </Filter>
    <Filter Include="소스 파일\Server\thieves_server">
      <UniqueIdentifier>{6baef390-e84f-4670-9a02-b05d79577725}</UniqueIdentifier>
    </Filter>
    <Filter Include="소스 파일\Server\event\event_core">
      <UniqueIdentifier>{252a2899-9689-4148-a886-1287b36641d4}</UniqueIdentifier>
    </Filter>
    <Filter Include="소스 파일\Server\thieves_server\thieves_send">
      <UniqueIdentifier>{3424ac7b-ff70-4a87-8702-32fb1d1167ab}</UniqueIdentifier>
    </Filter>
    <Filter Include="소스 파일\Server\thieves_server\thieves_packet">
      <UniqueIdentifier>{5c5fed68-f3ba-4481-adda-0f10dfab381e}</UniqueIdentifier>
    </Filter>
    <Filter Include="소스 파일\Server\thieves_server\thieves_massage">
      <UniqueIdentifier>{030884c8-a2e8-4711-a6a9-01fb70678d07}</UniqueIdentifier>
    </Filter>
    <Filter Include="소스 파일\Server\network\packet">
      <UniqueIdentifier>{5ce38769-eee8-4108-ac45-95492c494bcb}</UniqueIdentifier>
    </Filter>
    <Filter Include="소스 파일\Server\network\send_manager">
      <UniqueIdentifier>{3c553da8-4334-4cf3-be4c-a3a1e08e7514}</UniqueIdentifier>
    </Filter>
    <Filter Include="소스 파일\Server\network\packet\packetevent">
      <UniqueIdentifier>{eaa63fab-7161-42e6-85fc-ca77d2df4221}</UniqueIdentifier>
    </Filter>
    <Filter Include="소스 파일\Server\message">
      <UniqueIdentifier>{9488166e-e54c-490a-a2d4-0e66f10ac77a}</UniqueIdentifier>
>>>>>>> Stashed changes
    </Filter>
  </ItemGroup>
  <ItemGroup>
    <ClInclude Include="targetver.h">
      <Filter>소스 파일\Utils</Filter>
    </ClInclude>
    <ClInclude Include="Client.h">
      <Filter>소스 파일\Utils</Filter>
    </ClInclude>
    <ClInclude Include="framework.h">
      <Filter>소스 파일\Utils</Filter>
    </ClInclude>
    <ClInclude Include="Resource.h">
      <Filter>소스 파일\Utils</Filter>
    </ClInclude>
    <ClInclude Include="pch.h">
      <Filter>소스 파일\Utils</Filter>
    </ClInclude>
    <ClInclude Include="Game.h">
      <Filter>소스 파일\Game</Filter>
    </ClInclude>
    <ClInclude Include="..\Engine\Timer.h">
      <Filter>소스 파일\Utils</Filter>
    </ClInclude>
    <ClInclude Include="server\packet\packet_manager.h">
      <Filter>소스 파일\Server\packet_manager</Filter>
    </ClInclude>
    <ClInclude Include="server\sendmanager\send_manager.h">
      <Filter>소스 파일\Server\send_manager</Filter>
    </ClInclude>
    <ClInclude Include="server\massage\message._event_info.h">
      <Filter>소스 파일\Server\massage</Filter>
    </ClInclude>
    <ClInclude Include="server\packet\thieves_packet_manager.h">
      <Filter>소스 파일\Thieves_server\thieves_packet_manager</Filter>
    </ClInclude>
    <ClInclude Include="server\network.h">
      <Filter>소스 파일\Server\network</Filter>
    </ClInclude>
    <ClInclude Include="server\define.h">
      <Filter>소스 파일\Server</Filter>
    </ClInclude>
    <ClInclude Include="server\protocol.h">
      <Filter>소스 파일\Server</Filter>
    </ClInclude>
<<<<<<< Updated upstream
    <ClInclude Include="ptr.h">
      <Filter>소스 파일\Server</Filter>
    </ClInclude>
    <ClInclude Include="server\network_obj_manager.h">
      <Filter>소스 파일\Server\network_obj_manager</Filter>
    </ClInclude>
    <ClInclude Include="thieves_send_manager.h">
      <Filter>소스 파일\Thieves_server\thieves_send_manager</Filter>
    </ClInclude>
    <ClInclude Include="thieves_message_event_info.h">
      <Filter>소스 파일\Thieves_server\thieves_message</Filter>
    </ClInclude>
    <ClInclude Include="server\thieves_server\game_info.h">
      <Filter>소스 파일\Thieves_server</Filter>
    </ClInclude>
    <ClInclude Include="packet_helper.h">
      <Filter>소스 파일\Server\packet_manager</Filter>
    </ClInclude>
    <ClInclude Include="packet_event_manager.h">
      <Filter>소스 파일\Server\event</Filter>
    </ClInclude>
    <ClInclude Include="evnet_system.h">
      <Filter>소스 파일\Server\event\event_core</Filter>
    </ClInclude>
    <ClInclude Include="event_manager.h">
      <Filter>소스 파일\Server\event\event_core</Filter>
    </ClInclude>
    <ClInclude Include="event_info.h">
      <Filter>소스 파일\Server\event\event_core</Filter>
=======
    <ClInclude Include="server\event\packet_event_manager.h">
      <Filter>소스 파일\Server\event</Filter>
    </ClInclude>
    <ClInclude Include="server\event\event_core\event_info.h">
      <Filter>소스 파일\Server\event\event_core</Filter>
    </ClInclude>
    <ClInclude Include="server\event\event_core\event_manager.h">
      <Filter>소스 파일\Server\event\event_core</Filter>
    </ClInclude>
    <ClInclude Include="server\thieves_server\game_info.h">
      <Filter>소스 파일\Server\thieves_server</Filter>
    </ClInclude>
    <ClInclude Include="server\thieves_server\thieves_send\thieves_send_manager.h">
      <Filter>소스 파일\Server\thieves_server\thieves_send</Filter>
    </ClInclude>
    <ClInclude Include="server\thieves_server\thieves_packet\thieves_packet_manager.h">
      <Filter>소스 파일\Server\thieves_server\thieves_packet</Filter>
    </ClInclude>
    <ClInclude Include="server\thieves_server\thieves_massage\thieves_message_event_info.h">
      <Filter>소스 파일\Server\thieves_server\thieves_massage</Filter>
    </ClInclude>
    <ClInclude Include="server\send_manager\send_manager.h">
      <Filter>소스 파일\Server\network\send_manager</Filter>
    </ClInclude>
    <ClInclude Include="server\network\network.h">
      <Filter>소스 파일\Server\network</Filter>
>>>>>>> Stashed changes
    </ClInclude>
    <ClInclude Include="server\network\network_obj_manager.h">
      <Filter>소스 파일\Server\network</Filter>
    </ClInclude>
    <ClInclude Include="server\network\network_object.h">
      <Filter>소스 파일\Server\network</Filter>
    </ClInclude>
    <ClInclude Include="server\network\network_move_object.h">
      <Filter>소스 파일\Server\network</Filter>
    </ClInclude>
    <ClInclude Include="server\packet\packetevent\packet_event_manager.h">
      <Filter>소스 파일\Server\network\packet\packetevent</Filter>
    </ClInclude>
    <ClInclude Include="server\packet\packetevent\packet_helper.h">
      <Filter>소스 파일\Server\network\packet\packetevent</Filter>
    </ClInclude>
    <ClInclude Include="server\packet\packet_manager.h">
      <Filter>소스 파일\Server\network\packet</Filter>
    </ClInclude>
    <ClInclude Include="server\event\event_core\evnet_system.h">
      <Filter>소스 파일\Server\event\event_core</Filter>
    </ClInclude>
    <ClInclude Include="server\massage\message_event_info.h">
      <Filter>소스 파일\Server\message</Filter>
    </ClInclude>
    <ClInclude Include="server\massage\message_event_manager.h">
      <Filter>소스 파일\Server\message</Filter>
    </ClInclude>
    <ClInclude Include="server\massage\message_helper.h">
      <Filter>소스 파일\Server\message</Filter>
    </ClInclude>
    <ClInclude Include="ptr.h">
      <Filter>소스 파일\Server</Filter>
    </ClInclude>
  </ItemGroup>
  <ItemGroup>
    <ResourceCompile Include="Client.rc">
      <Filter>리소스 파일</Filter>
    </ResourceCompile>
  </ItemGroup>
  <ItemGroup>
    <Image Include="small.ico">
      <Filter>리소스 파일</Filter>
    </Image>
    <Image Include="Client.ico">
      <Filter>리소스 파일</Filter>
    </Image>
  </ItemGroup>
  <ItemGroup>
    <ClCompile Include="Client.cpp">
      <Filter>소스 파일\Utils</Filter>
    </ClCompile>
    <ClCompile Include="pch.cpp">
      <Filter>소스 파일\Utils</Filter>
    </ClCompile>
    <ClCompile Include="Game.cpp">
      <Filter>소스 파일\Game</Filter>
    </ClCompile>
    <ClCompile Include="..\Engine\Timer.cpp">
      <Filter>소스 파일\Utils</Filter>
    </ClCompile>
    <ClCompile Include="server\event\packet_event_manager.cpp">
      <Filter>소스 파일\Server\event</Filter>
    </ClCompile>
    <ClCompile Include="server\event\event_core\event_system.cpp">
      <Filter>소스 파일\Server\event\event_core</Filter>
    </ClCompile>
    <ClCompile Include="server\thieves_server\thieves_send\thieves_send_manager.cpp">
      <Filter>소스 파일\Server\thieves_server\thieves_send</Filter>
    </ClCompile>
    <ClCompile Include="server\thieves_server\thieves_packet\thieves_packet_manager.cpp">
      <Filter>소스 파일\Server\thieves_server\thieves_packet</Filter>
    </ClCompile>
    <ClCompile Include="server\thieves_server\thieves_massage\thieves_message_event_info.cpp">
      <Filter>소스 파일\Server\thieves_server\thieves_massage</Filter>
    </ClCompile>
    <ClCompile Include="server\send_manager\send_manager.cpp">
      <Filter>소스 파일\Server\network\send_manager</Filter>
    </ClCompile>
    <ClCompile Include="server\network\network.cpp">
      <Filter>소스 파일\Server\network</Filter>
    </ClCompile>
<<<<<<< Updated upstream
    <ClCompile Include="server\packet\packet_manager.cpp">
      <Filter>소스 파일\Server\packet_manager</Filter>
    </ClCompile>
    <ClCompile Include="server\sendmanager\send_manager.cpp">
      <Filter>소스 파일\Server\send_manager</Filter>
    </ClCompile>
    <ClCompile Include="server\massage\massage_event_info.cpp">
      <Filter>소스 파일\Server\massage</Filter>
    </ClCompile>
    <ClCompile Include="server\packet\thieves_packet_manager.cpp">
      <Filter>소스 파일\Thieves_server\thieves_packet_manager</Filter>
    </ClCompile>
    <ClCompile Include="server\network_obj_manager.cpp">
      <Filter>소스 파일\Server\network_obj_manager</Filter>
    </ClCompile>
    <ClCompile Include="server\thieves_server\thieves_massage\thieves_message_event_info.cpp">
      <Filter>소스 파일\Thieves_server\thieves_message</Filter>
    </ClCompile>
    <ClCompile Include="server\thieves_server\thieves_send\thieves_send_manager.cpp">
      <Filter>소스 파일\Thieves_server\thieves_send_manager</Filter>
    </ClCompile>
    <ClCompile Include="packet_helper.cpp">
      <Filter>소스 파일\Server\packet_manager</Filter>
    </ClCompile>
    <ClCompile Include="packet_event_manager.cpp">
      <Filter>소스 파일\Server\event</Filter>
    </ClCompile>
    <ClCompile Include="event_system.cpp">
      <Filter>소스 파일\Server\event\event_core</Filter>
=======
    <ClCompile Include="server\network\network_obj_manager.cpp">
      <Filter>소스 파일\Server\network</Filter>
    </ClCompile>
    <ClCompile Include="server\network\network_move_object.cpp">
      <Filter>소스 파일\Server\network</Filter>
    </ClCompile>
    <ClCompile Include="server\packet\packetevent\packet_event_manager.cpp">
      <Filter>소스 파일\Server\network\packet\packetevent</Filter>
    </ClCompile>
    <ClCompile Include="server\packet\packetevent\packet_helper.cpp">
      <Filter>소스 파일\Server\network\packet\packetevent</Filter>
    </ClCompile>
    <ClCompile Include="server\packet\packet_manager.cpp">
      <Filter>소스 파일\Server\network\packet</Filter>
    </ClCompile>
    <ClCompile Include="server\massage\message_event_info.cpp">
      <Filter>소스 파일\Server\message</Filter>
    </ClCompile>
    <ClCompile Include="server\massage\message_event_manager.cpp">
      <Filter>소스 파일\Server\message</Filter>
    </ClCompile>
    <ClCompile Include="server\massage\message_helper.cpp">
      <Filter>소스 파일\Server\message</Filter>
>>>>>>> Stashed changes
    </ClCompile>
  </ItemGroup>
</Project>