<?xml version="1.0" encoding="utf-8"?>
<Project ToolsVersion="4.0" xmlns="http://schemas.microsoft.com/developer/msbuild/2003">
  <ItemGroup>
    <Filter Include="소스 파일">
      <UniqueIdentifier>{4FC737F1-C7A5-4376-A066-2A32D752A2FF}</UniqueIdentifier>
      <Extensions>cpp;c;cc;cxx;c++;cppm;ixx;def;odl;idl;hpj;bat;asm;asmx</Extensions>
    </Filter>
    <Filter Include="리소스 파일">
      <UniqueIdentifier>{67DA6AB6-F800-4c08-8B7A-83BB121AAD01}</UniqueIdentifier>
      <Extensions>rc;ico;cur;bmp;dlg;rc2;rct;bin;rgs;gif;jpg;jpeg;jpe;resx;tiff;tif;png;wav;mfcribbon-ms</Extensions>
    </Filter>
    <Filter Include="소스 파일\Utils">
      <UniqueIdentifier>{ba85b981-78c0-4e00-81c6-56efb3afec53}</UniqueIdentifier>
    </Filter>
    <Filter Include="소스 파일\Game">
      <UniqueIdentifier>{c6b1ff15-4953-4a37-867b-e4f6e7b4f5dc}</UniqueIdentifier>
    </Filter>
    <Filter Include="소스 파일\thieves_server">
      <UniqueIdentifier>{a3e2d0d9-66c5-4781-9236-b986c664c7a1}</UniqueIdentifier>
    </Filter>
    <Filter Include="소스 파일\server">
      <UniqueIdentifier>{c70363b7-1386-467a-b357-4b5ee48fcc42}</UniqueIdentifier>
    </Filter>
    <Filter Include="소스 파일\server\network">
      <UniqueIdentifier>{a38870f6-5eb9-4f44-91cd-1352caa3f6b6}</UniqueIdentifier>
    </Filter>
    <Filter Include="소스 파일\server\packet">
      <UniqueIdentifier>{237b1d1f-b489-4130-9e7e-bb416e5031a6}</UniqueIdentifier>
    </Filter>
    <Filter Include="소스 파일\server\send_manager">
      <UniqueIdentifier>{0347374c-0593-4b0e-a111-87460aece4c2}</UniqueIdentifier>
    </Filter>
    <Filter Include="소스 파일\server\message">
      <UniqueIdentifier>{4f45b742-27fd-4608-b5c5-170fccee5504}</UniqueIdentifier>
    </Filter>
    <Filter Include="소스 파일\server\event">
      <UniqueIdentifier>{1f489ec2-14b9-4aca-8a57-ce9c74570064}</UniqueIdentifier>
    </Filter>
    <Filter Include="소스 파일\server\packet\packet_event">
      <UniqueIdentifier>{e23f76e9-cb79-4742-b2bb-7b30dbe586df}</UniqueIdentifier>
    </Filter>
    <Filter Include="소스 파일\thieves_server\thieves_message">
      <UniqueIdentifier>{eb2e3c9b-b226-46e9-8716-6b93848d4655}</UniqueIdentifier>
    </Filter>
    <Filter Include="소스 파일\thieves_server\thieves_packet">
      <UniqueIdentifier>{ef50bf84-b008-4250-bcf2-f11ef313015a}</UniqueIdentifier>
    </Filter>
    <Filter Include="소스 파일\thieves_server\thieves_send">
      <UniqueIdentifier>{55ccc657-a28c-4a11-9365-cb858f263354}</UniqueIdentifier>
    </Filter>
    <Filter Include="소스 파일\server\core">
      <UniqueIdentifier>{5b3b6f29-7ed7-436f-a152-26378e47b527}</UniqueIdentifier>
    </Filter>
    <Filter Include="소스 파일\serverFW">
      <UniqueIdentifier>{d94643b4-d83e-491c-a612-e1b61b890147}</UniqueIdentifier>
    </Filter>
    <Filter Include="소스 파일\serverFW\packet">
      <UniqueIdentifier>{7c9ae954-26ac-4ea1-a975-5a6d18593878}</UniqueIdentifier>
    </Filter>
    <Filter Include="소스 파일\serverFW\message">
      <UniqueIdentifier>{19a68740-abc6-4571-80c0-3ac87981a2dc}</UniqueIdentifier>
    </Filter>
    <Filter Include="소스 파일\serverFW\send">
      <UniqueIdentifier>{dae6d84d-5fe7-48bc-9216-cb45b63aa612}</UniqueIdentifier>
    </Filter>
    <Filter Include="소스 파일\serverFW\network">
      <UniqueIdentifier>{abceb09a-58a8-4c78-901c-6e9a44af1099}</UniqueIdentifier>
    </Filter>
    <Filter Include="소스 파일\serverFW\event">
      <UniqueIdentifier>{f8fdd93a-4e87-4f6c-87a6-2a1b0f07b9d8}</UniqueIdentifier>
    </Filter>
    <Filter Include="소스 파일\serverFW\core">
      <UniqueIdentifier>{a3c56e1b-5f40-4f96-98af-ff3c1263afc6}</UniqueIdentifier>
    </Filter>
  </ItemGroup>
  <ItemGroup>
    <ClInclude Include="targetver.h">
      <Filter>소스 파일\Utils</Filter>
    </ClInclude>
    <ClInclude Include="Client.h">
      <Filter>소스 파일\Utils</Filter>
    </ClInclude>
    <ClInclude Include="framework.h">
      <Filter>소스 파일\Utils</Filter>
    </ClInclude>
    <ClInclude Include="Resource.h">
      <Filter>소스 파일\Utils</Filter>
    </ClInclude>
    <ClInclude Include="pch.h">
      <Filter>소스 파일\Utils</Filter>
    </ClInclude>
    <ClInclude Include="Game.h">
      <Filter>소스 파일\Game</Filter>
    </ClInclude>
    <ClInclude Include="..\Engine\Timer.h">
      <Filter>소스 파일\Utils</Filter>
    </ClInclude>

    <ClCompile Include="server\network\network.cpp">
      <Filter>소스 파일\server\network</Filter>
    </ClCompile>
    <ClCompile Include="server\network\network_move_object.cpp">
      <Filter>소스 파일\server\network</Filter>
    </ClCompile>
    <ClCompile Include="server\network\network_obj_manager.cpp">
      <Filter>소스 파일\server\network</Filter>
    </ClCompile>
    <ClCompile Include="server\send_manager\send_manager.cpp">
      <Filter>소스 파일\server\send_manager</Filter>
    </ClCompile>
    <ClCompile Include="server\packet\packet_helper.cpp">
      <Filter>소스 파일\server\packet</Filter>
    </ClCompile>
    <ClCompile Include="server\packet\packet_manager.cpp">
      <Filter>소스 파일\server\packet</Filter>
    </ClCompile>
    <ClCompile Include="server\packet\packetevent\packet_event_manager.cpp">
      <Filter>소스 파일\server\packet\packet_event</Filter>
    </ClCompile>
    <ClCompile Include="server\message\message_event_info.cpp">
      <Filter>소스 파일\server\message</Filter>
    </ClCompile>
    <ClCompile Include="server\message\message_event_manager.cpp">
      <Filter>소스 파일\server\message</Filter>
    </ClCompile>
    <ClCompile Include="server\message\message_helper.cpp">
      <Filter>소스 파일\server\message</Filter>
    </ClCompile>
    <ClCompile Include="thieves_server\thieves_send\thieves_send_manager.cpp">
      <Filter>소스 파일\thieves_server\thieves_send</Filter>
    </ClCompile>
    <ClCompile Include="thieves_server\thieves_packet\thieves_packet_manager.cpp">
      <Filter>소스 파일\thieves_server\thieves_packet</Filter>
    </ClCompile>
    <ClCompile Include="thieves_server\thieves_message\thieves_message_event_info.cpp">
      <Filter>소스 파일\thieves_server\thieves_message</Filter>
    </ClCompile>
    <ClCompile Include="IocpNetworkManager.cpp">
      <Filter>소스 파일</Filter>
    </ClCompile>
    <ClCompile Include="NetworkManager.cpp">
      <Filter>소스 파일</Filter>
    </ClCompile>

  </ItemGroup>
  <ItemGroup>
    <ResourceCompile Include="Client.rc">
      <Filter>리소스 파일</Filter>
    </ResourceCompile>
  </ItemGroup>
  <ItemGroup>
    <Image Include="small.ico">
      <Filter>리소스 파일</Filter>
    </Image>
    <Image Include="Client.ico">
      <Filter>리소스 파일</Filter>
    </Image>
  </ItemGroup>
  <ItemGroup>
    <ClCompile Include="Client.cpp">
      <Filter>소스 파일\Utils</Filter>
    </ClCompile>
    <ClCompile Include="pch.cpp">
      <Filter>소스 파일\Utils</Filter>
    </ClCompile>
    <ClCompile Include="Game.cpp">
      <Filter>소스 파일\Game</Filter>
    </ClCompile>
    <ClCompile Include="..\Engine\Timer.cpp">
      <Filter>소스 파일\Utils</Filter>
    </ClCompile>

  </ItemGroup>
</Project>