<?xml version="1.0" encoding="utf-8"?>
<Project ToolsVersion="4.0" xmlns="http://schemas.microsoft.com/developer/msbuild/2003">
  <ItemGroup>
    <Filter Include="소스 파일">
      <UniqueIdentifier>{4FC737F1-C7A5-4376-A066-2A32D752A2FF}</UniqueIdentifier>
      <Extensions>cpp;c;cc;cxx;c++;cppm;ixx;def;odl;idl;hpj;bat;asm;asmx</Extensions>
    </Filter>
    <Filter Include="리소스 파일">
      <UniqueIdentifier>{67DA6AB6-F800-4c08-8B7A-83BB121AAD01}</UniqueIdentifier>
      <Extensions>rc;ico;cur;bmp;dlg;rc2;rct;bin;rgs;gif;jpg;jpeg;jpe;resx;tiff;tif;png;wav;mfcribbon-ms</Extensions>
    </Filter>
    <Filter Include="소스 파일\Utils">
      <UniqueIdentifier>{ba85b981-78c0-4e00-81c6-56efb3afec53}</UniqueIdentifier>
    </Filter>
    <Filter Include="소스 파일\Game">
      <UniqueIdentifier>{c6b1ff15-4953-4a37-867b-e4f6e7b4f5dc}</UniqueIdentifier>
    </Filter>
    <Filter Include="소스 파일\Server">
      <UniqueIdentifier>{c70363b7-1386-467a-b357-4b5ee48fcc42}</UniqueIdentifier>
    </Filter>
    <Filter Include="소스 파일\Server\network">
      <UniqueIdentifier>{290e1e28-f8a8-4740-96fc-3ee7ec15cdde}</UniqueIdentifier>
    </Filter>
    <Filter Include="소스 파일\Server\packet_manager">
      <UniqueIdentifier>{2ef57ae5-0821-4fdf-b27d-4e2ef68c8153}</UniqueIdentifier>
    </Filter>
    <Filter Include="소스 파일\Server\send_manager">
      <UniqueIdentifier>{2e291387-04fe-4be1-9acd-f65394e1d8ca}</UniqueIdentifier>
    </Filter>
    <Filter Include="소스 파일\Server\thieves_packet">
      <UniqueIdentifier>{5cbe4b85-83ce-4a29-a192-d427915bb995}</UniqueIdentifier>
    </Filter>
    <Filter Include="소스 파일\Server\network_obj_manager">
      <UniqueIdentifier>{aa842f23-493f-424c-b9bc-1d5032558776}</UniqueIdentifier>
    </Filter>
  </ItemGroup>
  <ItemGroup>
    <ClInclude Include="targetver.h">
      <Filter>소스 파일\Utils</Filter>
    </ClInclude>
    <ClInclude Include="Client.h">
      <Filter>소스 파일\Utils</Filter>
    </ClInclude>
    <ClInclude Include="framework.h">
      <Filter>소스 파일\Utils</Filter>
    </ClInclude>
    <ClInclude Include="Resource.h">
      <Filter>소스 파일\Utils</Filter>
    </ClInclude>
    <ClInclude Include="pch.h">
      <Filter>소스 파일\Utils</Filter>
    </ClInclude>
    <ClInclude Include="Game.h">
      <Filter>소스 파일\Game</Filter>
    </ClInclude>
    <ClInclude Include="..\Engine\Timer.h">
      <Filter>소스 파일\Utils</Filter>
    </ClInclude>
    <ClInclude Include="server\protocol.h">
      <Filter>소스 파일\Server</Filter>
    </ClInclude>
    <ClInclude Include="server\network.h">
      <Filter>소스 파일\Server\network</Filter>
    </ClInclude>
    <ClInclude Include="send_manager.h">
      <Filter>소스 파일\Server\send_manager</Filter>
    </ClInclude>
    <ClInclude Include="packet_manager.h">
      <Filter>소스 파일\Server\packet_manager</Filter>
    </ClInclude>
    <ClInclude Include="thieves_packet.h">
      <Filter>소스 파일\Server\thieves_packet</Filter>
    </ClInclude>
    <ClInclude Include="network_obj_manager.h">
      <Filter>소스 파일\Server\network_obj_manager</Filter>
    </ClInclude>
    <ClInclude Include="server\define.h">
      <Filter>소스 파일\Server</Filter>
    </ClInclude>
    <ClInclude Include="ptr.h">
      <Filter>소스 파일\Server</Filter>
    </ClInclude>
  </ItemGroup>
  <ItemGroup>
    <ResourceCompile Include="Client.rc">
      <Filter>리소스 파일</Filter>
    </ResourceCompile>
  </ItemGroup>
  <ItemGroup>
    <Image Include="small.ico">
      <Filter>리소스 파일</Filter>
    </Image>
    <Image Include="Client.ico">
      <Filter>리소스 파일</Filter>
    </Image>
  </ItemGroup>
  <ItemGroup>
    <ClCompile Include="Client.cpp">
      <Filter>소스 파일\Utils</Filter>
    </ClCompile>
    <ClCompile Include="pch.cpp">
      <Filter>소스 파일\Utils</Filter>
    </ClCompile>
    <ClCompile Include="Game.cpp">
      <Filter>소스 파일\Game</Filter>
    </ClCompile>
    <ClCompile Include="..\Engine\Timer.cpp">
      <Filter>소스 파일\Utils</Filter>
    </ClCompile>
    <ClCompile Include="server\network.cpp">
      <Filter>소스 파일\Server\network</Filter>
    </ClCompile>
    <ClCompile Include="send_manager.cpp">
      <Filter>소스 파일\Server\send_manager</Filter>
    </ClCompile>
    <ClCompile Include="packet_manager.cpp">
      <Filter>소스 파일\Server\packet_manager</Filter>
    </ClCompile>
    <ClCompile Include="thieves_packet.cpp">
      <Filter>소스 파일\Server\thieves_packet</Filter>
    </ClCompile>
    <ClCompile Include="network_obj_manaver.cpp">
      <Filter>소스 파일\Server\network_obj_manager</Filter>
    </ClCompile>
  </ItemGroup>
</Project>