<?xml version="1.0" encoding="utf-8"?>
<Project ToolsVersion="4.0" xmlns="http://schemas.microsoft.com/developer/msbuild/2003">
  <ItemGroup>
    <Filter Include="Network">
      <UniqueIdentifier>{a5d74888-42a0-4889-aa19-a0251d2beae7}</UniqueIdentifier>
    </Filter>
    <Filter Include="GameLogic">
      <UniqueIdentifier>{b0742c3b-109d-4bd7-809d-8f7864be9e8b}</UniqueIdentifier>
    </Filter>
    <Filter Include="System">
      <UniqueIdentifier>{4b6f7d4a-cd9b-4324-ad76-a1e62920ffb2}</UniqueIdentifier>
    </Filter>
    <Filter Include="System\Vector">
      <UniqueIdentifier>{ba566782-586c-4f4d-a15d-d1697f94baf4}</UniqueIdentifier>
    </Filter>
  </ItemGroup>
  <ItemGroup>
    <ClInclude Include="Server.hpp">
      <Filter>Network</Filter>
    </ClInclude>
    <ClInclude Include="protocol.hpp">
      <Filter>System</Filter>
    </ClInclude>
    <ClInclude Include="IOCP.hpp">
      <Filter>Network</Filter>
    </ClInclude>
    <ClInclude Include="CoroutineTypes.h">
      <Filter>Network</Filter>
    </ClInclude>
    <ClInclude Include="define.hpp">
      <Filter>System</Filter>
    </ClInclude>
    <ClInclude Include="State.hpp">
      <Filter>System</Filter>
    </ClInclude>
    <ClInclude Include="vec2.h">
      <Filter>System\Vector</Filter>
    </ClInclude>
    <ClInclude Include="vec3.h">
      <Filter>System\Vector</Filter>
    </ClInclude>
    <ClInclude Include="vec4.h">
      <Filter>System\Vector</Filter>
    </ClInclude>
    <ClInclude Include="Session.hpp">
      <Filter>Network</Filter>
    </ClInclude>
    <ClInclude Include="PacketManager.hpp">
      <Filter>Network</Filter>
    </ClInclude>
    <ClInclude Include="SendContextManager.h">
      <Filter>Network</Filter>
    </ClInclude>
    <ClInclude Include="TimerManager.hpp">
      <Filter>GameLogic</Filter>
    </ClInclude>
    <ClInclude Include="MoveObjManager.h">
      <Filter>GameLogic</Filter>
    </ClInclude>
    <ClInclude Include="SessionManager.hpp">
      <Filter>Network</Filter>
    </ClInclude>
    <ClInclude Include="MoveObj.h">
      <Filter>GameLogic</Filter>
    </ClInclude>
    <ClInclude Include="Player.h">
      <Filter>GameLogic</Filter>
    </ClInclude>
    <ClInclude Include="NPC.h">
      <Filter>GameLogic</Filter>
    </ClInclude>
    <ClInclude Include="Object.h">
      <Filter>GameLogic</Filter>
    </ClInclude>
    <ClInclude Include="Enemy.h">
      <Filter>GameLogic</Filter>
    </ClInclude>
  </ItemGroup>
  <ItemGroup>
    <ClCompile Include="Server.cpp">
      <Filter>Network</Filter>
    </ClCompile>
    <ClCompile Include="main.cpp" />
    <ClCompile Include="IOCP.cpp">
      <Filter>Network</Filter>
    </ClCompile>
    <ClCompile Include="Session.cpp">
      <Filter>Network</Filter>
    </ClCompile>
    <ClCompile Include="PacketManager.cpp">
      <Filter>Network</Filter>
    </ClCompile>
    <ClCompile Include="PacketList.h">
      <Filter>System</Filter>
    </ClCompile>
    <ClCompile Include="TimerManager.cpp">
      <Filter>GameLogic</Filter>
    </ClCompile>
    <ClCompile Include="MoveObjManager.cpp">
      <Filter>GameLogic</Filter>
    </ClCompile>
    <ClCompile Include="SessionManager.cpp">
      <Filter>Network</Filter>
    </ClCompile>
    <ClCompile Include="MoveObj.cpp">
      <Filter>GameLogic</Filter>
    </ClCompile>
    <ClCompile Include="Player.cpp">
      <Filter>GameLogic</Filter>
    </ClCompile>
    <ClCompile Include="NPC.cpp">
      <Filter>GameLogic</Filter>
    </ClCompile>
    <ClCompile Include="Object.cpp">
      <Filter>GameLogic</Filter>
    </ClCompile>
    <ClCompile Include="Enemy.cpp">
      <Filter>GameLogic</Filter>
    </ClCompile>
  </ItemGroup>
  <ItemGroup>
    <None Include=".editorconfig" />
  </ItemGroup>
</Project>