<?xml version="1.0" encoding="utf-8"?>
<Project ToolsVersion="4.0" xmlns="http://schemas.microsoft.com/developer/msbuild/2003">
  <ItemGroup>
    <Filter Include="Network">
      <UniqueIdentifier>{a5d74888-42a0-4889-aa19-a0251d2beae7}</UniqueIdentifier>
    </Filter>
    <Filter Include="GameLogic">
      <UniqueIdentifier>{b0742c3b-109d-4bd7-809d-8f7864be9e8b}</UniqueIdentifier>
    </Filter>
    <Filter Include="System">
      <UniqueIdentifier>{4b6f7d4a-cd9b-4324-ad76-a1e62920ffb2}</UniqueIdentifier>
    </Filter>
    <Filter Include="System\Vector">
      <UniqueIdentifier>{ba566782-586c-4f4d-a15d-d1697f94baf4}</UniqueIdentifier>
    </Filter>
    <Filter Include="GameLogic\Objects">
      <UniqueIdentifier>{3259ceb2-d0b7-41c9-8d70-153abfd0db70}</UniqueIdentifier>
    </Filter>
  </ItemGroup>
  <ItemGroup>
    <ClInclude Include="Server.h">
      <Filter>Network</Filter>
    </ClInclude>
    <ClInclude Include="protocol.h">
      <Filter>System</Filter>
    </ClInclude>
    <ClInclude Include="IOCP.h">
      <Filter>Network</Filter>
    </ClInclude>
    <ClInclude Include="CoroutineTypes.h">
      <Filter>Network</Filter>
    </ClInclude>
    <ClInclude Include="define.h">
      <Filter>System</Filter>
    </ClInclude>
    <ClInclude Include="State.h">
      <Filter>System</Filter>
    </ClInclude>
    <ClInclude Include="vec2.h">
      <Filter>System\Vector</Filter>
    </ClInclude>
    <ClInclude Include="vec3.h">
      <Filter>System\Vector</Filter>
    </ClInclude>
    <ClInclude Include="vec4.h">
      <Filter>System\Vector</Filter>
    </ClInclude>
    <ClInclude Include="Session.h">
      <Filter>Network</Filter>
    </ClInclude>
    <ClInclude Include="PacketManager.h">
      <Filter>Network</Filter>
    </ClInclude>
    <ClInclude Include="SendContextManager.h">
      <Filter>Network</Filter>
    </ClInclude>
    <ClInclude Include="TimerManager.h">
      <Filter>GameLogic</Filter>
    </ClInclude>
    <ClInclude Include="SessionManager.h">
      <Filter>Network</Filter>
    </ClInclude>
    <ClInclude Include="RoomManager.h">
      <Filter>GameLogic</Filter>
    </ClInclude>
    <ClInclude Include="Room.h">
      <Filter>GameLogic</Filter>
    </ClInclude>
    <ClInclude Include="Enemy.h">
      <Filter>GameLogic\Objects</Filter>
    </ClInclude>
    <ClInclude Include="MoveObj.h">
      <Filter>GameLogic\Objects</Filter>
    </ClInclude>
    <ClInclude Include="NPC.h">
      <Filter>GameLogic\Objects</Filter>
    </ClInclude>
    <ClInclude Include="Object.h">
      <Filter>GameLogic\Objects</Filter>
    </ClInclude>
    <ClInclude Include="Player.h">
      <Filter>GameLogic\Objects</Filter>
    </ClInclude>
    <ClInclude Include="Item.h">
      <Filter>GameLogic\Objects</Filter>
    </ClInclude>
    <ClInclude Include="CBox.h">
      <Filter>System</Filter>
    </ClInclude>
    <ClInclude Include="MapManager.h">
      <Filter>GameLogic</Filter>
    </ClInclude>
    <ClInclude Include="MoveObjManager.h">
      <Filter>GameLogic\Objects</Filter>
    </ClInclude>
    <ClInclude Include="RayCasting.h">
      <Filter>System</Filter>
    </ClInclude>
  </ItemGroup>
  <ItemGroup>
    <ClCompile Include="Server.cpp">
      <Filter>Network</Filter>
    </ClCompile>
    <ClCompile Include="main.cpp" />
    <ClCompile Include="IOCP.cpp">
      <Filter>Network</Filter>
    </ClCompile>
    <ClCompile Include="Session.cpp">
      <Filter>Network</Filter>
    </ClCompile>
    <ClCompile Include="PacketManager.cpp">
      <Filter>Network</Filter>
    </ClCompile>
    <ClCompile Include="PacketList.h">
      <Filter>System</Filter>
    </ClCompile>
    <ClCompile Include="TimerManager.cpp">
      <Filter>GameLogic</Filter>
    </ClCompile>
    <ClCompile Include="SessionManager.cpp">
      <Filter>Network</Filter>
    </ClCompile>
    <ClCompile Include="RoomManager.cpp">
      <Filter>GameLogic</Filter>
    </ClCompile>
    <ClCompile Include="Room.cpp">
      <Filter>GameLogic</Filter>
    </ClCompile>
    <ClCompile Include="Enemy.cpp">
      <Filter>GameLogic\Objects</Filter>
    </ClCompile>
    <ClCompile Include="MoveObj.cpp">
      <Filter>GameLogic\Objects</Filter>
    </ClCompile>
    <ClCompile Include="NPC.cpp">
      <Filter>GameLogic\Objects</Filter>
    </ClCompile>
    <ClCompile Include="Object.cpp">
      <Filter>GameLogic\Objects</Filter>
    </ClCompile>
    <ClCompile Include="Player.cpp">
      <Filter>GameLogic\Objects</Filter>
    </ClCompile>
    <ClCompile Include="Item.cpp">
      <Filter>GameLogic\Objects</Filter>
    </ClCompile>
    <ClCompile Include="CBox.cpp">
      <Filter>System</Filter>
    </ClCompile>
    <ClCompile Include="MapManager.cpp">
      <Filter>GameLogic</Filter>
    </ClCompile>
    <ClCompile Include="MoveObjManager.cpp">
      <Filter>GameLogic\Objects</Filter>
    </ClCompile>
    <ClCompile Include="RayCasting.cpp">
      <Filter>System</Filter>
    </ClCompile>
  </ItemGroup>
  <ItemGroup>
    <None Include=".editorconfig" />
  </ItemGroup>
</Project>